{
  "version": 4,
  "terraform_version": "1.3.6",
  "serial": 26,
  "lineage": "c124c3b3-0c22-7907-8a92-8f160607572b",
  "outputs": {
    "lambda_output": {
      "value": {
        "architectures": [
          "x86_64"
        ],
        "arn": "arn:aws:lambda:us-east-1:896845863858:function:lambda_for_udacity_project",
        "code_signing_config_arn": "",
        "dead_letter_config": [],
        "description": "",
        "environment": [
          {
            "variables": {
              "greeting": "Hello"
            }
          }
        ],
        "ephemeral_storage": [
          {
            "size": 512
          }
        ],
        "file_system_config": [],
        "filename": "greet_lambda.zip",
        "function_name": "lambda_for_udacity_project",
        "handler": "greet_lambda.lambda_handler",
        "id": "lambda_for_udacity_project",
        "image_config": [],
        "image_uri": "",
        "invoke_arn": "arn:aws:apigateway:us-east-1:lambda:path/2015-03-31/functions/arn:aws:lambda:us-east-1:896845863858:function:lambda_for_udacity_project/invocations",
        "kms_key_arn": "",
        "last_modified": "2023-01-06T12:06:04.587+0000",
        "layers": [],
        "memory_size": 128,
        "package_type": "Zip",
        "publish": false,
        "qualified_arn": "arn:aws:lambda:us-east-1:896845863858:function:lambda_for_udacity_project:$LATEST",
        "qualified_invoke_arn": "arn:aws:apigateway:us-east-1:lambda:path/2015-03-31/functions/arn:aws:lambda:us-east-1:896845863858:function:lambda_for_udacity_project:$LATEST/invocations",
        "reserved_concurrent_executions": -1,
        "role": "arn:aws:iam::896845863858:role/iam_for_lambda_function",
        "runtime": "python3.8",
        "s3_bucket": null,
        "s3_key": null,
        "s3_object_version": null,
        "signing_job_arn": "",
        "signing_profile_version_arn": "",
        "snap_start": [],
        "source_code_hash": "adxpf22UZPWYyZIbLBLTqGhfJAfoljVojsoO1Oo2Iwc=",
        "source_code_size": 248,
        "tags": {},
        "tags_all": {},
        "timeout": 3,
        "timeouts": null,
        "tracing_config": [
          {
            "mode": "PassThrough"
          }
        ],
        "version": "$LATEST",
        "vpc_config": []
      },
      "type": [
        "object",
        {
          "architectures": [
            "list",
            "string"
          ],
          "arn": "string",
          "code_signing_config_arn": "string",
          "dead_letter_config": [
            "list",
            [
              "object",
              {
                "target_arn": "string"
              }
            ]
          ],
          "description": "string",
          "environment": [
            "list",
            [
              "object",
              {
                "variables": [
                  "map",
                  "string"
                ]
              }
            ]
          ],
          "ephemeral_storage": [
            "list",
            [
              "object",
              {
                "size": "number"
              }
            ]
          ],
          "file_system_config": [
            "list",
            [
              "object",
              {
                "arn": "string",
                "local_mount_path": "string"
              }
            ]
          ],
          "filename": "string",
          "function_name": "string",
          "handler": "string",
          "id": "string",
          "image_config": [
            "list",
            [
              "object",
              {
                "command": [
                  "list",
                  "string"
                ],
                "entry_point": [
                  "list",
                  "string"
                ],
                "working_directory": "string"
              }
            ]
          ],
          "image_uri": "string",
          "invoke_arn": "string",
          "kms_key_arn": "string",
          "last_modified": "string",
          "layers": [
            "list",
            "string"
          ],
          "memory_size": "number",
          "package_type": "string",
          "publish": "bool",
          "qualified_arn": "string",
          "qualified_invoke_arn": "string",
          "reserved_concurrent_executions": "number",
          "role": "string",
          "runtime": "string",
          "s3_bucket": "string",
          "s3_key": "string",
          "s3_object_version": "string",
          "signing_job_arn": "string",
          "signing_profile_version_arn": "string",
          "snap_start": [
            "list",
            [
              "object",
              {
                "apply_on": "string",
                "optimization_status": "string"
              }
            ]
          ],
          "source_code_hash": "string",
          "source_code_size": "number",
          "tags": [
            "map",
            "string"
          ],
          "tags_all": [
            "map",
            "string"
          ],
          "timeout": "number",
          "timeouts": [
            "object",
            {
              "create": "string"
            }
          ],
          "tracing_config": [
            "list",
            [
              "object",
              {
                "mode": "string"
              }
            ]
          ],
          "version": "string",
          "vpc_config": [
            "list",
            [
              "object",
              {
                "security_group_ids": [
                  "set",
                  "string"
                ],
                "subnet_ids": [
                  "set",
                  "string"
                ],
                "vpc_id": "string"
              }
            ]
          ]
        }
      ]
    }
  },
  "resources": [
    {
      "mode": "data",
      "type": "archive_file",
      "name": "python_lambda_package",
      "provider": "provider[\"registry.terraform.io/hashicorp/archive\"]",
      "instances": [
        {
          "schema_version": 0,
          "attributes": {
            "excludes": null,
            "id": "fa189146e472f91eab5cb3ec7a5d0e255c0bb365",
            "output_base64sha256": "adxpf22UZPWYyZIbLBLTqGhfJAfoljVojsoO1Oo2Iwc=",
            "output_file_mode": null,
            "output_md5": "4675868d49d66cd9dd5854f72822d7de",
            "output_path": "greet_lambda.zip",
            "output_sha": "fa189146e472f91eab5cb3ec7a5d0e255c0bb365",
            "output_size": 248,
            "source": [],
            "source_content": null,
            "source_content_filename": null,
            "source_dir": null,
            "source_file": "./greet_lambda.py",
            "type": "zip"
          },
          "sensitive_attributes": []
        }
      ]
    },
    {
      "mode": "managed",
      "type": "aws_cloudwatch_log_group",
      "name": "udaicty_project_log_group",
      "provider": "provider[\"registry.terraform.io/hashicorp/aws\"]",
      "instances": [
        {
          "schema_version": 0,
          "attributes": {
            "arn": "arn:aws:logs:us-east-1:896845863858:log-group:/aws/lambda/lambda_for_udacity_project",
            "id": "/aws/lambda/lambda_for_udacity_project",
            "kms_key_id": "",
            "name": "/aws/lambda/lambda_for_udacity_project",
            "name_prefix": "",
            "retention_in_days": 14,
            "skip_destroy": false,
            "tags": null,
            "tags_all": {}
          },
          "sensitive_attributes": [],
          "private": "bnVsbA=="
        }
      ]
    },
    {
      "mode": "managed",
      "type": "aws_iam_policy",
      "name": "lambda_logging",
      "provider": "provider[\"registry.terraform.io/hashicorp/aws\"]",
      "instances": [
        {
          "schema_version": 0,
          "attributes": {
            "arn": "arn:aws:iam::896845863858:policy/lambda_logging",
            "description": "IAM policy for logging from a lambda",
            "id": "arn:aws:iam::896845863858:policy/lambda_logging",
            "name": "lambda_logging",
            "name_prefix": null,
            "path": "/",
            "policy": "{\"Statement\":[{\"Action\":[\"logs:CreateLogStream\",\"logs:PutLogEvents\",\"logs:CreateLogGroup\"],\"Effect\":\"Allow\",\"Resource\":\"arn:aws:logs:*:*:*\"}],\"Version\":\"2012-10-17\"}",
            "policy_id": "ANPA5BUBN3OZJRL3NXN52",
            "tags": null,
            "tags_all": {}
          },
          "sensitive_attributes": [],
          "private": "bnVsbA=="
        }
      ]
    },
    {
      "mode": "managed",
      "type": "aws_iam_role",
      "name": "iam_for_lambda_function",
      "provider": "provider[\"registry.terraform.io/hashicorp/aws\"]",
      "instances": [
        {
          "schema_version": 0,
          "attributes": {
            "arn": "arn:aws:iam::896845863858:role/iam_for_lambda_function",
            "assume_role_policy": "{\"Statement\":[{\"Action\":\"sts:AssumeRole\",\"Effect\":\"Allow\",\"Principal\":{\"Service\":[\"lambda.amazonaws.com\"]}}],\"Version\":\"2012-10-17\"}",
            "create_date": "2023-01-06T12:05:54Z",
            "description": "",
            "force_detach_policies": false,
            "id": "iam_for_lambda_function",
            "inline_policy": [],
            "managed_policy_arns": [],
            "max_session_duration": 3600,
            "name": "iam_for_lambda_function",
            "name_prefix": "",
            "path": "/",
            "permissions_boundary": null,
            "tags": {},
            "tags_all": {},
            "unique_id": "AROA5BUBN3OZM2JU7EYYG"
          },
          "sensitive_attributes": [],
          "private": "bnVsbA=="
        }
      ]
    },
    {
      "mode": "managed",
      "type": "aws_iam_role_policy_attachment",
      "name": "lambda_logs",
      "provider": "provider[\"registry.terraform.io/hashicorp/aws\"]",
      "instances": [
        {
          "schema_version": 0,
          "attributes": {
            "id": "iam_for_lambda_function-20230106124522358400000001",
            "policy_arn": "arn:aws:iam::896845863858:policy/lambda_logging",
            "role": "iam_for_lambda_function"
          },
          "sensitive_attributes": [],
          "private": "bnVsbA==",
          "dependencies": [
            "aws_iam_policy.lambda_logging",
            "aws_iam_role.iam_for_lambda_function"
          ]
        }
      ]
    },
    {
      "mode": "managed",
      "type": "aws_lambda_function",
      "name": "lambda_for_udacity_project",
      "provider": "provider[\"registry.terraform.io/hashicorp/aws\"]",
      "instances": [
        {
          "schema_version": 0,
          "attributes": {
            "architectures": [
              "x86_64"
            ],
            "arn": "arn:aws:lambda:us-east-1:896845863858:function:lambda_for_udacity_project",
            "code_signing_config_arn": "",
            "dead_letter_config": [],
            "description": "",
            "environment": [
              {
                "variables": {
                  "greeting": "Hello"
                }
              }
            ],
            "ephemeral_storage": [
              {
                "size": 512
              }
            ],
            "file_system_config": [],
            "filename": "greet_lambda.zip",
            "function_name": "lambda_for_udacity_project",
            "handler": "greet_lambda.lambda_handler",
            "id": "lambda_for_udacity_project",
            "image_config": [],
            "image_uri": "",
            "invoke_arn": "arn:aws:apigateway:us-east-1:lambda:path/2015-03-31/functions/arn:aws:lambda:us-east-1:896845863858:function:lambda_for_udacity_project/invocations",
            "kms_key_arn": "",
            "last_modified": "2023-01-06T12:06:04.587+0000",
            "layers": [],
            "memory_size": 128,
            "package_type": "Zip",
            "publish": false,
            "qualified_arn": "arn:aws:lambda:us-east-1:896845863858:function:lambda_for_udacity_project:$LATEST",
            "qualified_invoke_arn": "arn:aws:apigateway:us-east-1:lambda:path/2015-03-31/functions/arn:aws:lambda:us-east-1:896845863858:function:lambda_for_udacity_project:$LATEST/invocations",
            "reserved_concurrent_executions": -1,
            "role": "arn:aws:iam::896845863858:role/iam_for_lambda_function",
            "runtime": "python3.8",
            "s3_bucket": null,
            "s3_key": null,
            "s3_object_version": null,
            "signing_job_arn": "",
            "signing_profile_version_arn": "",
            "snap_start": [],
            "source_code_hash": "adxpf22UZPWYyZIbLBLTqGhfJAfoljVojsoO1Oo2Iwc=",
            "source_code_size": 248,
            "tags": {},
            "tags_all": {},
            "timeout": 3,
            "timeouts": null,
            "tracing_config": [
              {
                "mode": "PassThrough"
              }
            ],
            "version": "$LATEST",
            "vpc_config": []
          },
          "sensitive_attributes": [],
          "private": "eyJlMmJmYjczMC1lY2FhLTExZTYtOGY4OC0zNDM2M2JjN2M0YzAiOnsiY3JlYXRlIjo2MDAwMDAwMDAwMDB9fQ==",
          "dependencies": [
            "aws_cloudwatch_log_group.udaicty_project_log_group",
            "aws_iam_policy.lambda_logging",
            "aws_iam_role.iam_for_lambda_function",
            "aws_iam_role_policy_attachment.lambda_logs",
            "data.archive_file.python_lambda_package"
          ]
        }
      ]
    }
  ],
  "check_results": null
}
